
Microsoft Visual Studio Solution File, Format Version 12.00
# Visual Studio Version 16
VisualStudioVersion = 16.0.28407.52
MinimumVisualStudioVersion = 10.0.40219.1
Project("{9A19103F-16F7-4668-BE54-9A1E7A4F7556}") = "ProtoSocket", "src\ProtoSocket\ProtoSocket.csproj", "{BBCD03F1-F9A0-4C4C-93C1-8B156C4F8231}"
EndProject
Project("{2150E333-8FDC-42A3-9474-1A3956D46DE8}") = "Examples", "Examples", "{232DEEE3-098B-46F0-803A-591781CEB430}"
EndProject
Project("{2150E333-8FDC-42A3-9474-1A3956D46DE8}") = "Solution Items", "Solution Items", "{1E8A8CDE-B03C-4355-84EE-AC752F3276B8}"
	ProjectSection(SolutionItems) = preProject
		README.md = README.md
	EndProjectSection
EndProject
Project("{9A19103F-16F7-4668-BE54-9A1E7A4F7556}") = "Example.Chat", "samples\Example.Chat\Example.Chat.csproj", "{3244FC3C-5703-4B56-A754-CC6D7DB87039}"
EndProject
Project("{9A19103F-16F7-4668-BE54-9A1E7A4F7556}") = "Example.Minecraft", "samples\Example.Minecraft\Example.Minecraft.csproj", "{D9E913D0-B075-489A-96AE-7389C86C790E}"
EndProject
Project("{9A19103F-16F7-4668-BE54-9A1E7A4F7556}") = "Example.Line", "samples\Example.Line\Example.Line.csproj", "{5C1CEDDA-43A7-4501-BF28-E4A8BC142574}"
EndProject
Project("{FAE04EC0-301F-11D3-BF4B-00C04F79EFBC}") = "Example.Ssl", "samples\Example.Ssl\Example.Ssl.csproj", "{8387CAE0-ADDC-4B06-BB97-17190D788EFE}"
EndProject
Global
	GlobalSection(SolutionConfigurationPlatforms) = preSolution
		Debug|Any CPU = Debug|Any CPU
		Release|Any CPU = Release|Any CPU
	EndGlobalSection
	GlobalSection(ProjectConfigurationPlatforms) = postSolution
		{BBCD03F1-F9A0-4C4C-93C1-8B156C4F8231}.Debug|Any CPU.ActiveCfg = Debug|Any CPU
		{BBCD03F1-F9A0-4C4C-93C1-8B156C4F8231}.Debug|Any CPU.Build.0 = Debug|Any CPU
		{BBCD03F1-F9A0-4C4C-93C1-8B156C4F8231}.Release|Any CPU.ActiveCfg = Release|Any CPU
		{BBCD03F1-F9A0-4C4C-93C1-8B156C4F8231}.Release|Any CPU.Build.0 = Release|Any CPU
		{3244FC3C-5703-4B56-A754-CC6D7DB87039}.Debug|Any CPU.ActiveCfg = Debug|Any CPU
		{3244FC3C-5703-4B56-A754-CC6D7DB87039}.Debug|Any CPU.Build.0 = Debug|Any CPU
		{3244FC3C-5703-4B56-A754-CC6D7DB87039}.Release|Any CPU.ActiveCfg = Release|Any CPU
		{3244FC3C-5703-4B56-A754-CC6D7DB87039}.Release|Any CPU.Build.0 = Release|Any CPU
		{D9E913D0-B075-489A-96AE-7389C86C790E}.Debug|Any CPU.ActiveCfg = Debug|Any CPU
		{D9E913D0-B075-489A-96AE-7389C86C790E}.Debug|Any CPU.Build.0 = Debug|Any CPU
		{D9E913D0-B075-489A-96AE-7389C86C790E}.Release|Any CPU.ActiveCfg = Release|Any CPU
		{D9E913D0-B075-489A-96AE-7389C86C790E}.Release|Any CPU.Build.0 = Release|Any CPU
		{5C1CEDDA-43A7-4501-BF28-E4A8BC142574}.Debug|Any CPU.ActiveCfg = Debug|Any CPU
		{5C1CEDDA-43A7-4501-BF28-E4A8BC142574}.Debug|Any CPU.Build.0 = Debug|Any CPU
		{5C1CEDDA-43A7-4501-BF28-E4A8BC142574}.Release|Any CPU.ActiveCfg = Release|Any CPU
		{5C1CEDDA-43A7-4501-BF28-E4A8BC142574}.Release|Any CPU.Build.0 = Release|Any CPU
		{8387CAE0-ADDC-4B06-BB97-17190D788EFE}.Debug|Any CPU.ActiveCfg = Debug|Any CPU
		{8387CAE0-ADDC-4B06-BB97-17190D788EFE}.Debug|Any CPU.Build.0 = Debug|Any CPU
		{8387CAE0-ADDC-4B06-BB97-17190D788EFE}.Release|Any CPU.ActiveCfg = Release|Any CPU
		{8387CAE0-ADDC-4B06-BB97-17190D788EFE}.Release|Any CPU.Build.0 = Release|Any CPU
	EndGlobalSection
	GlobalSection(SolutionProperties) = preSolution
		HideSolutionNode = FALSE
	EndGlobalSection
	GlobalSection(NestedProjects) = preSolution
		{3244FC3C-5703-4B56-A754-CC6D7DB87039} = {232DEEE3-098B-46F0-803A-591781CEB430}
		{D9E913D0-B075-489A-96AE-7389C86C790E} = {232DEEE3-098B-46F0-803A-591781CEB430}
		{5C1CEDDA-43A7-4501-BF28-E4A8BC142574} = {232DEEE3-098B-46F0-803A-591781CEB430}
		{8387CAE0-ADDC-4B06-BB97-17190D788EFE} = {232DEEE3-098B-46F0-803A-591781CEB430}
	EndGlobalSection
	GlobalSection(ExtensibilityGlobals) = postSolution
		SolutionGuid = {056A9443-6614-4870-A4BA-EE86AF7BF8C8}
	EndGlobalSection
EndGlobal
